
Microsoft Visual Studio Solution File, Format Version 12.00
# Visual Studio Version 17
VisualStudioVersion = 17.0.31903.59
MinimumVisualStudioVersion = 10.0.40219.1
Project("{2150E333-8FDC-42A3-9474-1A3956D46DE8}") = "StoreFlow.Compras", "StoreFlow.Compras", "{FCC8BA91-E020-AF44-EBC7-BD1EF09A1815}"
EndProject
Project("{FAE04EC0-301F-11D3-BF4B-00C04F79EFBC}") = "StoreFlow.Compras.API", "StoreFlow.Compras\StoreFlow.Compras.API\StoreFlow.Compras.API.csproj", "{CBEACAEF-B2CC-416C-993A-8F7DB147E2C7}"
EndProject
Project("{FAE04EC0-301F-11D3-BF4B-00C04F79EFBC}") = "StoreFlow.Compras.Tests", "StoreFlow.Compras\StoreFlow.Compras.Tests\StoreFlow.Compras.Tests.csproj", "{C4FE8351-649E-4E35-9585-E8C3F0B8C374}"
EndProject
Project("{2150E333-8FDC-42A3-9474-1A3956D46DE8}") = "StoreFlow.Usuarios", "StoreFlow.Usuarios", "{FB6CAE56-A349-631E-67CD-A69183E06C9B}"
EndProject
Project("{FAE04EC0-301F-11D3-BF4B-00C04F79EFBC}") = "StoreFlow.Usuarios.API", "StoreFlow.Usuarios\StoreFlow.Usuarios.API\StoreFlow.Usuarios.API.csproj", "{D0D90D54-D5D9-45BB-8881-22EE2B3699ED}"
EndProject
Project("{FAE04EC0-301F-11D3-BF4B-00C04F79EFBC}") = "StoreFlow.Usuarios.Tests", "StoreFlow.Usuarios\StoreFlow.Usuarios.Tests\StoreFlow.Usuarios.Tests.csproj", "{DEEB42D0-284D-4729-87C1-F7EDB72A66A4}"
EndProject
Project("{2150E333-8FDC-42A3-9474-1A3956D46DE8}") = "StoreFlow.Ventas", "StoreFlow.Ventas", "{DDE49D76-830A-4E49-976E-F9CB8A9FF062}"
EndProject
Project("{FAE04EC0-301F-11D3-BF4B-00C04F79EFBC}") = "StoreFlow.Ventas.API", "StoreFlow.Ventas\StoreFlow.Ventas.API\StoreFlow.Ventas.API.csproj", "{761B9ED1-8B59-41D9-AAAA-B06DBAC833D6}"
EndProject
Project("{FAE04EC0-301F-11D3-BF4B-00C04F79EFBC}") = "StoreFlow.Ventas.Tests", "StoreFlow.Ventas\StoreFlow.Ventas.Tests\StoreFlow.Ventas.Tests.csproj", "{4E8C73AE-F170-4660-8D88-64F8FD38C736}"
EndProject
Project("{2150E333-8FDC-42A3-9474-1A3956D46DE8}") = "StoreFlow.Inventarios", "StoreFlow.Inventarios", "{2692E6B4-B178-43B2-B848-AAD74C3E5EEB}"
EndProject
Project("{FAE04EC0-301F-11D3-BF4B-00C04F79EFBC}") = "StoreFlow.Inventarios.API", "StoreFlow.Inventarios\StoreFlow.Inventarios.API\StoreFlow.Inventarios.API.csproj", "{3BC1394C-70DD-4E6E-AF2B-BCA758FED0F0}"
EndProject
Project("{FAE04EC0-301F-11D3-BF4B-00C04F79EFBC}") = "StoreFlow.Inventarios.Tests", "StoreFlow.Inventarios\StoreFlow.Inventarios.Tests\StoreFlow.Inventarios.Tests.csproj", "{E086A6D3-3D0A-4658-8E26-339FBBE5553B}"
EndProject
Project("{FAE04EC0-301F-11D3-BF4B-00C04F79EFBC}") = "StoreFlow.Logistica.API", "StoreFlow.Logistica\StoreFlow.Logistica.API\StoreFlow.Logistica.API.csproj", "{BD1F784E-9229-46A0-A3D5-220596FBC619}"
EndProject
Project("{2150E333-8FDC-42A3-9474-1A3956D46DE8}") = "StoreFlow.Logistica", "StoreFlow.Logistica", "{02EA681E-C7D8-13C7-8484-4AC65E1B71E8}"
EndProject
Project("{FAE04EC0-301F-11D3-BF4B-00C04F79EFBC}") = "StoreFlow.Orquestador.Worker", "StoreFlow.Orquestador\StoreFlow.Orquestador.Worker\StoreFlow.Orquestador.Worker.csproj", "{BB141C91-F8CA-4D32-BFA1-F7A905884070}"
EndProject
Project("{2150E333-8FDC-42A3-9474-1A3956D46DE8}") = "StoreFlow.Orquestador", "StoreFlow.Orquestador", "{35B58291-FCC6-4F85-8148-95E2B6927AA4}"
EndProject
Project("{FAE04EC0-301F-11D3-BF4B-00C04F79EFBC}") = "StoreFlow.Compartidos.Core", "StoreFlow.Compartido\StoreFlow.Compartidos.Core.csproj", "{7A6A18A0-C3F6-435D-AB06-D1D898AFF323}"
EndProject
Project("{2150E333-8FDC-42A3-9474-1A3956D46DE8}") = "SotreFlow.Compartidos", "SotreFlow.Compartidos", "{ABEA5DB6-85EB-4480-B5E7-C1C54DE6BA8D}"
EndProject
Project("{FAE04EC0-301F-11D3-BF4B-00C04F79EFBC}") = "StoreFlow.Logistica.Tests", "StoreFlow.Logistica.Tests\StoreFlow.Logistica.Tests.csproj", "{96DC4277-3D16-4FD2-AAAE-43B20FDBAC11}"
EndProject
Project("{FAE04EC0-301F-11D3-BF4B-00C04F79EFBC}") = "StoreFlow.Compartidos.Core.Tests", "StoreFlow.Compartidos.Core.Tests\StoreFlow.Compartidos.Core.Tests.csproj", "{0856D369-4D11-4188-984A-88F91C6F0874}"
EndProject
Global
	GlobalSection(SolutionConfigurationPlatforms) = preSolution
		Debug|Any CPU = Debug|Any CPU
		Debug|x64 = Debug|x64
		Debug|x86 = Debug|x86
		Release|Any CPU = Release|Any CPU
		Release|x64 = Release|x64
		Release|x86 = Release|x86
	EndGlobalSection
	GlobalSection(ProjectConfigurationPlatforms) = postSolution
		{CBEACAEF-B2CC-416C-993A-8F7DB147E2C7}.Debug|Any CPU.ActiveCfg = Debug|Any CPU
		{CBEACAEF-B2CC-416C-993A-8F7DB147E2C7}.Debug|Any CPU.Build.0 = Debug|Any CPU
		{CBEACAEF-B2CC-416C-993A-8F7DB147E2C7}.Debug|x64.ActiveCfg = Debug|Any CPU
		{CBEACAEF-B2CC-416C-993A-8F7DB147E2C7}.Debug|x64.Build.0 = Debug|Any CPU
		{CBEACAEF-B2CC-416C-993A-8F7DB147E2C7}.Debug|x86.ActiveCfg = Debug|Any CPU
		{CBEACAEF-B2CC-416C-993A-8F7DB147E2C7}.Debug|x86.Build.0 = Debug|Any CPU
		{CBEACAEF-B2CC-416C-993A-8F7DB147E2C7}.Release|Any CPU.ActiveCfg = Release|Any CPU
		{CBEACAEF-B2CC-416C-993A-8F7DB147E2C7}.Release|Any CPU.Build.0 = Release|Any CPU
		{CBEACAEF-B2CC-416C-993A-8F7DB147E2C7}.Release|x64.ActiveCfg = Release|Any CPU
		{CBEACAEF-B2CC-416C-993A-8F7DB147E2C7}.Release|x64.Build.0 = Release|Any CPU
		{CBEACAEF-B2CC-416C-993A-8F7DB147E2C7}.Release|x86.ActiveCfg = Release|Any CPU
		{CBEACAEF-B2CC-416C-993A-8F7DB147E2C7}.Release|x86.Build.0 = Release|Any CPU
		{C4FE8351-649E-4E35-9585-E8C3F0B8C374}.Debug|Any CPU.ActiveCfg = Debug|Any CPU
		{C4FE8351-649E-4E35-9585-E8C3F0B8C374}.Debug|Any CPU.Build.0 = Debug|Any CPU
		{C4FE8351-649E-4E35-9585-E8C3F0B8C374}.Debug|x64.ActiveCfg = Debug|Any CPU
		{C4FE8351-649E-4E35-9585-E8C3F0B8C374}.Debug|x64.Build.0 = Debug|Any CPU
		{C4FE8351-649E-4E35-9585-E8C3F0B8C374}.Debug|x86.ActiveCfg = Debug|Any CPU
		{C4FE8351-649E-4E35-9585-E8C3F0B8C374}.Debug|x86.Build.0 = Debug|Any CPU
		{C4FE8351-649E-4E35-9585-E8C3F0B8C374}.Release|Any CPU.ActiveCfg = Release|Any CPU
		{C4FE8351-649E-4E35-9585-E8C3F0B8C374}.Release|Any CPU.Build.0 = Release|Any CPU
		{C4FE8351-649E-4E35-9585-E8C3F0B8C374}.Release|x64.ActiveCfg = Release|Any CPU
		{C4FE8351-649E-4E35-9585-E8C3F0B8C374}.Release|x64.Build.0 = Release|Any CPU
		{C4FE8351-649E-4E35-9585-E8C3F0B8C374}.Release|x86.ActiveCfg = Release|Any CPU
		{C4FE8351-649E-4E35-9585-E8C3F0B8C374}.Release|x86.Build.0 = Release|Any CPU
		{D0D90D54-D5D9-45BB-8881-22EE2B3699ED}.Debug|Any CPU.ActiveCfg = Debug|Any CPU
		{D0D90D54-D5D9-45BB-8881-22EE2B3699ED}.Debug|Any CPU.Build.0 = Debug|Any CPU
		{D0D90D54-D5D9-45BB-8881-22EE2B3699ED}.Debug|x64.ActiveCfg = Debug|Any CPU
		{D0D90D54-D5D9-45BB-8881-22EE2B3699ED}.Debug|x64.Build.0 = Debug|Any CPU
		{D0D90D54-D5D9-45BB-8881-22EE2B3699ED}.Debug|x86.ActiveCfg = Debug|Any CPU
		{D0D90D54-D5D9-45BB-8881-22EE2B3699ED}.Debug|x86.Build.0 = Debug|Any CPU
		{D0D90D54-D5D9-45BB-8881-22EE2B3699ED}.Release|Any CPU.ActiveCfg = Release|Any CPU
		{D0D90D54-D5D9-45BB-8881-22EE2B3699ED}.Release|Any CPU.Build.0 = Release|Any CPU
		{D0D90D54-D5D9-45BB-8881-22EE2B3699ED}.Release|x64.ActiveCfg = Release|Any CPU
		{D0D90D54-D5D9-45BB-8881-22EE2B3699ED}.Release|x64.Build.0 = Release|Any CPU
		{D0D90D54-D5D9-45BB-8881-22EE2B3699ED}.Release|x86.ActiveCfg = Release|Any CPU
		{D0D90D54-D5D9-45BB-8881-22EE2B3699ED}.Release|x86.Build.0 = Release|Any CPU
		{DEEB42D0-284D-4729-87C1-F7EDB72A66A4}.Debug|Any CPU.ActiveCfg = Debug|Any CPU
		{DEEB42D0-284D-4729-87C1-F7EDB72A66A4}.Debug|Any CPU.Build.0 = Debug|Any CPU
		{DEEB42D0-284D-4729-87C1-F7EDB72A66A4}.Debug|x64.ActiveCfg = Debug|Any CPU
		{DEEB42D0-284D-4729-87C1-F7EDB72A66A4}.Debug|x64.Build.0 = Debug|Any CPU
		{DEEB42D0-284D-4729-87C1-F7EDB72A66A4}.Debug|x86.ActiveCfg = Debug|Any CPU
		{DEEB42D0-284D-4729-87C1-F7EDB72A66A4}.Debug|x86.Build.0 = Debug|Any CPU
		{DEEB42D0-284D-4729-87C1-F7EDB72A66A4}.Release|Any CPU.ActiveCfg = Release|Any CPU
		{DEEB42D0-284D-4729-87C1-F7EDB72A66A4}.Release|Any CPU.Build.0 = Release|Any CPU
		{DEEB42D0-284D-4729-87C1-F7EDB72A66A4}.Release|x64.ActiveCfg = Release|Any CPU
		{DEEB42D0-284D-4729-87C1-F7EDB72A66A4}.Release|x64.Build.0 = Release|Any CPU
		{DEEB42D0-284D-4729-87C1-F7EDB72A66A4}.Release|x86.ActiveCfg = Release|Any CPU
		{DEEB42D0-284D-4729-87C1-F7EDB72A66A4}.Release|x86.Build.0 = Release|Any CPU
		{761B9ED1-8B59-41D9-AAAA-B06DBAC833D6}.Debug|Any CPU.ActiveCfg = Debug|Any CPU
		{761B9ED1-8B59-41D9-AAAA-B06DBAC833D6}.Debug|Any CPU.Build.0 = Debug|Any CPU
		{761B9ED1-8B59-41D9-AAAA-B06DBAC833D6}.Debug|x64.ActiveCfg = Debug|Any CPU
		{761B9ED1-8B59-41D9-AAAA-B06DBAC833D6}.Debug|x64.Build.0 = Debug|Any CPU
		{761B9ED1-8B59-41D9-AAAA-B06DBAC833D6}.Debug|x86.ActiveCfg = Debug|Any CPU
		{761B9ED1-8B59-41D9-AAAA-B06DBAC833D6}.Debug|x86.Build.0 = Debug|Any CPU
		{761B9ED1-8B59-41D9-AAAA-B06DBAC833D6}.Release|Any CPU.ActiveCfg = Release|Any CPU
		{761B9ED1-8B59-41D9-AAAA-B06DBAC833D6}.Release|Any CPU.Build.0 = Release|Any CPU
		{761B9ED1-8B59-41D9-AAAA-B06DBAC833D6}.Release|x64.ActiveCfg = Release|Any CPU
		{761B9ED1-8B59-41D9-AAAA-B06DBAC833D6}.Release|x64.Build.0 = Release|Any CPU
		{761B9ED1-8B59-41D9-AAAA-B06DBAC833D6}.Release|x86.ActiveCfg = Release|Any CPU
		{761B9ED1-8B59-41D9-AAAA-B06DBAC833D6}.Release|x86.Build.0 = Release|Any CPU
		{4E8C73AE-F170-4660-8D88-64F8FD38C736}.Debug|Any CPU.ActiveCfg = Debug|Any CPU
		{4E8C73AE-F170-4660-8D88-64F8FD38C736}.Debug|Any CPU.Build.0 = Debug|Any CPU
		{4E8C73AE-F170-4660-8D88-64F8FD38C736}.Debug|x64.ActiveCfg = Debug|Any CPU
		{4E8C73AE-F170-4660-8D88-64F8FD38C736}.Debug|x64.Build.0 = Debug|Any CPU
		{4E8C73AE-F170-4660-8D88-64F8FD38C736}.Debug|x86.ActiveCfg = Debug|Any CPU
		{4E8C73AE-F170-4660-8D88-64F8FD38C736}.Debug|x86.Build.0 = Debug|Any CPU
		{4E8C73AE-F170-4660-8D88-64F8FD38C736}.Release|Any CPU.ActiveCfg = Release|Any CPU
		{4E8C73AE-F170-4660-8D88-64F8FD38C736}.Release|Any CPU.Build.0 = Release|Any CPU
		{4E8C73AE-F170-4660-8D88-64F8FD38C736}.Release|x64.ActiveCfg = Release|Any CPU
		{4E8C73AE-F170-4660-8D88-64F8FD38C736}.Release|x64.Build.0 = Release|Any CPU
		{4E8C73AE-F170-4660-8D88-64F8FD38C736}.Release|x86.ActiveCfg = Release|Any CPU
		{4E8C73AE-F170-4660-8D88-64F8FD38C736}.Release|x86.Build.0 = Release|Any CPU
		{3BC1394C-70DD-4E6E-AF2B-BCA758FED0F0}.Debug|Any CPU.ActiveCfg = Debug|Any CPU
		{3BC1394C-70DD-4E6E-AF2B-BCA758FED0F0}.Debug|Any CPU.Build.0 = Debug|Any CPU
		{3BC1394C-70DD-4E6E-AF2B-BCA758FED0F0}.Debug|x64.ActiveCfg = Debug|Any CPU
		{3BC1394C-70DD-4E6E-AF2B-BCA758FED0F0}.Debug|x64.Build.0 = Debug|Any CPU
		{3BC1394C-70DD-4E6E-AF2B-BCA758FED0F0}.Debug|x86.ActiveCfg = Debug|Any CPU
		{3BC1394C-70DD-4E6E-AF2B-BCA758FED0F0}.Debug|x86.Build.0 = Debug|Any CPU
		{3BC1394C-70DD-4E6E-AF2B-BCA758FED0F0}.Release|Any CPU.ActiveCfg = Release|Any CPU
		{3BC1394C-70DD-4E6E-AF2B-BCA758FED0F0}.Release|Any CPU.Build.0 = Release|Any CPU
		{3BC1394C-70DD-4E6E-AF2B-BCA758FED0F0}.Release|x64.ActiveCfg = Release|Any CPU
		{3BC1394C-70DD-4E6E-AF2B-BCA758FED0F0}.Release|x64.Build.0 = Release|Any CPU
		{3BC1394C-70DD-4E6E-AF2B-BCA758FED0F0}.Release|x86.ActiveCfg = Release|Any CPU
		{3BC1394C-70DD-4E6E-AF2B-BCA758FED0F0}.Release|x86.Build.0 = Release|Any CPU
		{E086A6D3-3D0A-4658-8E26-339FBBE5553B}.Debug|Any CPU.ActiveCfg = Debug|Any CPU
		{E086A6D3-3D0A-4658-8E26-339FBBE5553B}.Debug|Any CPU.Build.0 = Debug|Any CPU
		{E086A6D3-3D0A-4658-8E26-339FBBE5553B}.Debug|x64.ActiveCfg = Debug|Any CPU
		{E086A6D3-3D0A-4658-8E26-339FBBE5553B}.Debug|x64.Build.0 = Debug|Any CPU
		{E086A6D3-3D0A-4658-8E26-339FBBE5553B}.Debug|x86.ActiveCfg = Debug|Any CPU
		{E086A6D3-3D0A-4658-8E26-339FBBE5553B}.Debug|x86.Build.0 = Debug|Any CPU
		{E086A6D3-3D0A-4658-8E26-339FBBE5553B}.Release|Any CPU.ActiveCfg = Release|Any CPU
		{E086A6D3-3D0A-4658-8E26-339FBBE5553B}.Release|Any CPU.Build.0 = Release|Any CPU
		{E086A6D3-3D0A-4658-8E26-339FBBE5553B}.Release|x64.ActiveCfg = Release|Any CPU
		{E086A6D3-3D0A-4658-8E26-339FBBE5553B}.Release|x64.Build.0 = Release|Any CPU
		{E086A6D3-3D0A-4658-8E26-339FBBE5553B}.Release|x86.ActiveCfg = Release|Any CPU
		{E086A6D3-3D0A-4658-8E26-339FBBE5553B}.Release|x86.Build.0 = Release|Any CPU
		{BD1F784E-9229-46A0-A3D5-220596FBC619}.Debug|Any CPU.ActiveCfg = Debug|Any CPU
		{BD1F784E-9229-46A0-A3D5-220596FBC619}.Debug|Any CPU.Build.0 = Debug|Any CPU
		{BD1F784E-9229-46A0-A3D5-220596FBC619}.Debug|x64.ActiveCfg = Debug|Any CPU
		{BD1F784E-9229-46A0-A3D5-220596FBC619}.Debug|x64.Build.0 = Debug|Any CPU
		{BD1F784E-9229-46A0-A3D5-220596FBC619}.Debug|x86.ActiveCfg = Debug|Any CPU
		{BD1F784E-9229-46A0-A3D5-220596FBC619}.Debug|x86.Build.0 = Debug|Any CPU
		{BD1F784E-9229-46A0-A3D5-220596FBC619}.Release|Any CPU.ActiveCfg = Release|Any CPU
		{BD1F784E-9229-46A0-A3D5-220596FBC619}.Release|Any CPU.Build.0 = Release|Any CPU
		{BD1F784E-9229-46A0-A3D5-220596FBC619}.Release|x64.ActiveCfg = Release|Any CPU
		{BD1F784E-9229-46A0-A3D5-220596FBC619}.Release|x64.Build.0 = Release|Any CPU
		{BD1F784E-9229-46A0-A3D5-220596FBC619}.Release|x86.ActiveCfg = Release|Any CPU
		{BD1F784E-9229-46A0-A3D5-220596FBC619}.Release|x86.Build.0 = Release|Any CPU
		{BB141C91-F8CA-4D32-BFA1-F7A905884070}.Debug|Any CPU.ActiveCfg = Debug|Any CPU
		{BB141C91-F8CA-4D32-BFA1-F7A905884070}.Debug|Any CPU.Build.0 = Debug|Any CPU
		{BB141C91-F8CA-4D32-BFA1-F7A905884070}.Debug|x64.ActiveCfg = Debug|Any CPU
		{BB141C91-F8CA-4D32-BFA1-F7A905884070}.Debug|x64.Build.0 = Debug|Any CPU
		{BB141C91-F8CA-4D32-BFA1-F7A905884070}.Debug|x86.ActiveCfg = Debug|Any CPU
		{BB141C91-F8CA-4D32-BFA1-F7A905884070}.Debug|x86.Build.0 = Debug|Any CPU
		{BB141C91-F8CA-4D32-BFA1-F7A905884070}.Release|Any CPU.ActiveCfg = Release|Any CPU
		{BB141C91-F8CA-4D32-BFA1-F7A905884070}.Release|Any CPU.Build.0 = Release|Any CPU
		{BB141C91-F8CA-4D32-BFA1-F7A905884070}.Release|x64.ActiveCfg = Release|Any CPU
		{BB141C91-F8CA-4D32-BFA1-F7A905884070}.Release|x64.Build.0 = Release|Any CPU
		{BB141C91-F8CA-4D32-BFA1-F7A905884070}.Release|x86.ActiveCfg = Release|Any CPU
		{BB141C91-F8CA-4D32-BFA1-F7A905884070}.Release|x86.Build.0 = Release|Any CPU
		{7A6A18A0-C3F6-435D-AB06-D1D898AFF323}.Debug|Any CPU.ActiveCfg = Debug|Any CPU
		{7A6A18A0-C3F6-435D-AB06-D1D898AFF323}.Debug|Any CPU.Build.0 = Debug|Any CPU
		{7A6A18A0-C3F6-435D-AB06-D1D898AFF323}.Debug|x64.ActiveCfg = Debug|Any CPU
		{7A6A18A0-C3F6-435D-AB06-D1D898AFF323}.Debug|x64.Build.0 = Debug|Any CPU
		{7A6A18A0-C3F6-435D-AB06-D1D898AFF323}.Debug|x86.ActiveCfg = Debug|Any CPU
		{7A6A18A0-C3F6-435D-AB06-D1D898AFF323}.Debug|x86.Build.0 = Debug|Any CPU
		{7A6A18A0-C3F6-435D-AB06-D1D898AFF323}.Release|Any CPU.ActiveCfg = Release|Any CPU
		{7A6A18A0-C3F6-435D-AB06-D1D898AFF323}.Release|Any CPU.Build.0 = Release|Any CPU
		{7A6A18A0-C3F6-435D-AB06-D1D898AFF323}.Release|x64.ActiveCfg = Release|Any CPU
		{7A6A18A0-C3F6-435D-AB06-D1D898AFF323}.Release|x64.Build.0 = Release|Any CPU
		{7A6A18A0-C3F6-435D-AB06-D1D898AFF323}.Release|x86.ActiveCfg = Release|Any CPU
		{7A6A18A0-C3F6-435D-AB06-D1D898AFF323}.Release|x86.Build.0 = Release|Any CPU
		{96DC4277-3D16-4FD2-AAAE-43B20FDBAC11}.Debug|Any CPU.ActiveCfg = Debug|Any CPU
		{96DC4277-3D16-4FD2-AAAE-43B20FDBAC11}.Debug|Any CPU.Build.0 = Debug|Any CPU
		{96DC4277-3D16-4FD2-AAAE-43B20FDBAC11}.Debug|x64.ActiveCfg = Debug|Any CPU
		{96DC4277-3D16-4FD2-AAAE-43B20FDBAC11}.Debug|x64.Build.0 = Debug|Any CPU
		{96DC4277-3D16-4FD2-AAAE-43B20FDBAC11}.Debug|x86.ActiveCfg = Debug|Any CPU
		{96DC4277-3D16-4FD2-AAAE-43B20FDBAC11}.Debug|x86.Build.0 = Debug|Any CPU
		{96DC4277-3D16-4FD2-AAAE-43B20FDBAC11}.Release|Any CPU.ActiveCfg = Release|Any CPU
		{96DC4277-3D16-4FD2-AAAE-43B20FDBAC11}.Release|Any CPU.Build.0 = Release|Any CPU
		{96DC4277-3D16-4FD2-AAAE-43B20FDBAC11}.Release|x64.ActiveCfg = Release|Any CPU
		{96DC4277-3D16-4FD2-AAAE-43B20FDBAC11}.Release|x64.Build.0 = Release|Any CPU
		{96DC4277-3D16-4FD2-AAAE-43B20FDBAC11}.Release|x86.ActiveCfg = Release|Any CPU
		{96DC4277-3D16-4FD2-AAAE-43B20FDBAC11}.Release|x86.Build.0 = Release|Any CPU
		{0856D369-4D11-4188-984A-88F91C6F0874}.Debug|Any CPU.ActiveCfg = Debug|Any CPU
		{0856D369-4D11-4188-984A-88F91C6F0874}.Debug|Any CPU.Build.0 = Debug|Any CPU
		{0856D369-4D11-4188-984A-88F91C6F0874}.Debug|x64.ActiveCfg = Debug|Any CPU
		{0856D369-4D11-4188-984A-88F91C6F0874}.Debug|x64.Build.0 = Debug|Any CPU
		{0856D369-4D11-4188-984A-88F91C6F0874}.Debug|x86.ActiveCfg = Debug|Any CPU
		{0856D369-4D11-4188-984A-88F91C6F0874}.Debug|x86.Build.0 = Debug|Any CPU
		{0856D369-4D11-4188-984A-88F91C6F0874}.Release|Any CPU.ActiveCfg = Release|Any CPU
		{0856D369-4D11-4188-984A-88F91C6F0874}.Release|Any CPU.Build.0 = Release|Any CPU
		{0856D369-4D11-4188-984A-88F91C6F0874}.Release|x64.ActiveCfg = Release|Any CPU
		{0856D369-4D11-4188-984A-88F91C6F0874}.Release|x64.Build.0 = Release|Any CPU
		{0856D369-4D11-4188-984A-88F91C6F0874}.Release|x86.ActiveCfg = Release|Any CPU
		{0856D369-4D11-4188-984A-88F91C6F0874}.Release|x86.Build.0 = Release|Any CPU
	EndGlobalSection
	GlobalSection(SolutionProperties) = preSolution
		HideSolutionNode = FALSE
	EndGlobalSection
	GlobalSection(NestedProjects) = preSolution
		{CBEACAEF-B2CC-416C-993A-8F7DB147E2C7} = {FCC8BA91-E020-AF44-EBC7-BD1EF09A1815}
		{C4FE8351-649E-4E35-9585-E8C3F0B8C374} = {FCC8BA91-E020-AF44-EBC7-BD1EF09A1815}
		{D0D90D54-D5D9-45BB-8881-22EE2B3699ED} = {FB6CAE56-A349-631E-67CD-A69183E06C9B}
		{DEEB42D0-284D-4729-87C1-F7EDB72A66A4} = {FB6CAE56-A349-631E-67CD-A69183E06C9B}
		{761B9ED1-8B59-41D9-AAAA-B06DBAC833D6} = {DDE49D76-830A-4E49-976E-F9CB8A9FF062}
		{4E8C73AE-F170-4660-8D88-64F8FD38C736} = {DDE49D76-830A-4E49-976E-F9CB8A9FF062}
		{3BC1394C-70DD-4E6E-AF2B-BCA758FED0F0} = {2692E6B4-B178-43B2-B848-AAD74C3E5EEB}
		{E086A6D3-3D0A-4658-8E26-339FBBE5553B} = {2692E6B4-B178-43B2-B848-AAD74C3E5EEB}
		{BD1F784E-9229-46A0-A3D5-220596FBC619} = {02EA681E-C7D8-13C7-8484-4AC65E1B71E8}
		{BB141C91-F8CA-4D32-BFA1-F7A905884070} = {35B58291-FCC6-4F85-8148-95E2B6927AA4}
		{7A6A18A0-C3F6-435D-AB06-D1D898AFF323} = {ABEA5DB6-85EB-4480-B5E7-C1C54DE6BA8D}
		{96DC4277-3D16-4FD2-AAAE-43B20FDBAC11} = {02EA681E-C7D8-13C7-8484-4AC65E1B71E8}
		{0856D369-4D11-4188-984A-88F91C6F0874} = {ABEA5DB6-85EB-4480-B5E7-C1C54DE6BA8D}
	EndGlobalSection
	GlobalSection(ExtensibilityGlobals) = postSolution
		SolutionGuid = {1791376D-8232-47A2-A16C-EA80BD4ACA84}
	EndGlobalSection
EndGlobal
