
Microsoft Visual Studio Solution File, Format Version 12.00
# Visual Studio Version 17
VisualStudioVersion = 17.13.35931.197
MinimumVisualStudioVersion = 10.0.40219.1
Project("{FAE04EC0-301F-11D3-BF4B-00C04F79EFBC}") = "StoreFlow.Compras.API", "StoreFlow.Compras.API\StoreFlow.Compras.API.csproj", "{41DD86C3-5CD4-4E5B-888F-5761D4E51C34}"
EndProject
Global
	GlobalSection(SolutionConfigurationPlatforms) = preSolution
		Debug|Any CPU = Debug|Any CPU
		Release|Any CPU = Release|Any CPU
	EndGlobalSection
	GlobalSection(ProjectConfigurationPlatforms) = postSolution
		{41DD86C3-5CD4-4E5B-888F-5761D4E51C34}.Debug|Any CPU.ActiveCfg = Debug|Any CPU
		{41DD86C3-5CD4-4E5B-888F-5761D4E51C34}.Debug|Any CPU.Build.0 = Debug|Any CPU
		{41DD86C3-5CD4-4E5B-888F-5761D4E51C34}.Release|Any CPU.ActiveCfg = Release|Any CPU
		{41DD86C3-5CD4-4E5B-888F-5761D4E51C34}.Release|Any CPU.Build.0 = Release|Any CPU
	EndGlobalSection
	GlobalSection(SolutionProperties) = preSolution
		HideSolutionNode = FALSE
	EndGlobalSection
	GlobalSection(ExtensibilityGlobals) = postSolution
		SolutionGuid = {6F590A37-19C1-49EA-BE61-E150D4EF8FD2}
	EndGlobalSection
EndGlobal
